
Microsoft Visual Studio Solution File, Format Version 12.00
# Visual Studio Version 16
VisualStudioVersion = 16.0.28729.10
MinimumVisualStudioVersion = 10.0.40219.1
Project("{9A19103F-16F7-4668-BE54-9A1E7A4F7556}") = "IdenetityManagement", "IdenetityManagement\IdenetityManagement.csproj", "{993CA936-A693-42C4-93C1-527BD4C26810}"
EndProject
Project("{9A19103F-16F7-4668-BE54-9A1E7A4F7556}") = "Framework.Core", "Framework.Core\Framework.Core.csproj", "{AB47D529-EF99-4CE5-A405-4D707D8F0201}"
EndProject
Global
	GlobalSection(SolutionConfigurationPlatforms) = preSolution
		Debug|Any CPU = Debug|Any CPU
		Release|Any CPU = Release|Any CPU
	EndGlobalSection
	GlobalSection(ProjectConfigurationPlatforms) = postSolution
		{993CA936-A693-42C4-93C1-527BD4C26810}.Debug|Any CPU.ActiveCfg = Debug|Any CPU
		{993CA936-A693-42C4-93C1-527BD4C26810}.Debug|Any CPU.Build.0 = Debug|Any CPU
		{993CA936-A693-42C4-93C1-527BD4C26810}.Release|Any CPU.ActiveCfg = Release|Any CPU
		{993CA936-A693-42C4-93C1-527BD4C26810}.Release|Any CPU.Build.0 = Release|Any CPU
		{AB47D529-EF99-4CE5-A405-4D707D8F0201}.Debug|Any CPU.ActiveCfg = Debug|Any CPU
		{AB47D529-EF99-4CE5-A405-4D707D8F0201}.Debug|Any CPU.Build.0 = Debug|Any CPU
		{AB47D529-EF99-4CE5-A405-4D707D8F0201}.Release|Any CPU.ActiveCfg = Release|Any CPU
		{AB47D529-EF99-4CE5-A405-4D707D8F0201}.Release|Any CPU.Build.0 = Release|Any CPU
	EndGlobalSection
	GlobalSection(SolutionProperties) = preSolution
		HideSolutionNode = FALSE
	EndGlobalSection
	GlobalSection(ExtensibilityGlobals) = postSolution
		SolutionGuid = {80FF3786-A5A9-4DF6-B244-378F6759730F}
	EndGlobalSection
EndGlobal
